--- 
- hosts: test
  remote_user: root
  tasks:
  - block:
    - name: debug
      debug:
        msg: "Remote host memory information : {{ansible_memory_mb['real']}}"
    
    - name: debug
      debug:
        msg: "{{ansible_all_ipv4_addresses[0]}}"
    when: ansible_distribution != "CentOS"
     
   
